
Microsoft Visual Studio Solution File, Format Version 12.00
# Visual Studio Version 17
VisualStudioVersion = 17.5.002.0
MinimumVisualStudioVersion = 10.0.40219.1
Project("{9A19103F-16F7-4668-BE54-9A1E7A4F7556}") = "Prueba", "Prueba.csproj", "{A8D421D9-E114-4C22-9E7D-92D71FEBBC65}"
EndProject
Global
	GlobalSection(SolutionConfigurationPlatforms) = preSolution
		Debug|Any CPU = Debug|Any CPU
		Release|Any CPU = Release|Any CPU
	EndGlobalSection
	GlobalSection(ProjectConfigurationPlatforms) = postSolution
		{A8D421D9-E114-4C22-9E7D-92D71FEBBC65}.Debug|Any CPU.ActiveCfg = Debug|Any CPU
		{A8D421D9-E114-4C22-9E7D-92D71FEBBC65}.Debug|Any CPU.Build.0 = Debug|Any CPU
		{A8D421D9-E114-4C22-9E7D-92D71FEBBC65}.Release|Any CPU.ActiveCfg = Release|Any CPU
		{A8D421D9-E114-4C22-9E7D-92D71FEBBC65}.Release|Any CPU.Build.0 = Release|Any CPU
	EndGlobalSection
	GlobalSection(SolutionProperties) = preSolution
		HideSolutionNode = FALSE
	EndGlobalSection
	GlobalSection(ExtensibilityGlobals) = postSolution
		SolutionGuid = {2A309DAD-06E5-4CBD-AE66-8F86CC00FA7D}
	EndGlobalSection
EndGlobal
